
Microsoft Visual Studio Solution File, Format Version 12.00
# Visual Studio Version 16
VisualStudioVersion = 16.0.30621.155
MinimumVisualStudioVersion = 10.0.40219.1
Project("{FAE04EC0-301F-11D3-BF4B-00C04F79EFBC}") = "APP simples de cadastro de jogos", "APP simples de cadastro de jogos.csproj", "{ACFDA3FB-83A4-4631-9652-BB216ACACE66}"
EndProject
Global
	GlobalSection(SolutionConfigurationPlatforms) = preSolution
		Debug|Any CPU = Debug|Any CPU
		Release|Any CPU = Release|Any CPU
	EndGlobalSection
	GlobalSection(ProjectConfigurationPlatforms) = postSolution
		{ACFDA3FB-83A4-4631-9652-BB216ACACE66}.Debug|Any CPU.ActiveCfg = Debug|Any CPU
		{ACFDA3FB-83A4-4631-9652-BB216ACACE66}.Debug|Any CPU.Build.0 = Debug|Any CPU
		{ACFDA3FB-83A4-4631-9652-BB216ACACE66}.Release|Any CPU.ActiveCfg = Release|Any CPU
		{ACFDA3FB-83A4-4631-9652-BB216ACACE66}.Release|Any CPU.Build.0 = Release|Any CPU
	EndGlobalSection
	GlobalSection(SolutionProperties) = preSolution
		HideSolutionNode = FALSE
	EndGlobalSection
	GlobalSection(ExtensibilityGlobals) = postSolution
		SolutionGuid = {C0C9FE99-17C6-4AAA-A960-23328849E421}
	EndGlobalSection
EndGlobal
